
Microsoft Visual Studio Solution File, Format Version 12.00
# Visual Studio Version 17
VisualStudioVersion = 17.14.36603.0 d17.14
MinimumVisualStudioVersion = 10.0.40219.1
Project("{888888A0-9F3D-457C-B088-3A5042F75D52}") = "Act_Serlin", "Act_Serlin.pyproj", "{5F41B7C8-E771-4846-8251-3CA54AD9287E}"
EndProject
Global
	GlobalSection(SolutionConfigurationPlatforms) = preSolution
		Debug|Any CPU = Debug|Any CPU
		Release|Any CPU = Release|Any CPU
	EndGlobalSection
	GlobalSection(ProjectConfigurationPlatforms) = postSolution
		{5F41B7C8-E771-4846-8251-3CA54AD9287E}.Debug|Any CPU.ActiveCfg = Debug|Any CPU
		{5F41B7C8-E771-4846-8251-3CA54AD9287E}.Release|Any CPU.ActiveCfg = Release|Any CPU
	EndGlobalSection
	GlobalSection(SolutionProperties) = preSolution
		HideSolutionNode = FALSE
	EndGlobalSection
	GlobalSection(ExtensibilityGlobals) = postSolution
		SolutionGuid = {3E3E5746-DE01-42FE-B357-5B8F9B2FE0E0}
	EndGlobalSection
EndGlobal
